
Microsoft Visual Studio Solution File, Format Version 12.00
# Visual Studio Version 17
VisualStudioVersion = 17.11.35312.102
MinimumVisualStudioVersion = 10.0.40219.1
Project("{FAE04EC0-301F-11D3-BF4B-00C04F79EFBC}") = "teht2", "teht2\teht2.csproj", "{1D11537D-810F-4F9E-870E-4A13D5F08343}"
EndProject
Global
	GlobalSection(SolutionConfigurationPlatforms) = preSolution
		Debug|Any CPU = Debug|Any CPU
		Release|Any CPU = Release|Any CPU
	EndGlobalSection
	GlobalSection(ProjectConfigurationPlatforms) = postSolution
		{1D11537D-810F-4F9E-870E-4A13D5F08343}.Debug|Any CPU.ActiveCfg = Debug|Any CPU
		{1D11537D-810F-4F9E-870E-4A13D5F08343}.Debug|Any CPU.Build.0 = Debug|Any CPU
		{1D11537D-810F-4F9E-870E-4A13D5F08343}.Release|Any CPU.ActiveCfg = Release|Any CPU
		{1D11537D-810F-4F9E-870E-4A13D5F08343}.Release|Any CPU.Build.0 = Release|Any CPU
	EndGlobalSection
	GlobalSection(SolutionProperties) = preSolution
		HideSolutionNode = FALSE
	EndGlobalSection
	GlobalSection(ExtensibilityGlobals) = postSolution
		SolutionGuid = {D8A23B64-BFE2-449A-9339-11482D05D84F}
	EndGlobalSection
EndGlobal
