
Microsoft Visual Studio Solution File, Format Version 12.00
# Visual Studio Version 17
VisualStudioVersion = 17.11.35312.102
MinimumVisualStudioVersion = 10.0.40219.1
Project("{FAE04EC0-301F-11D3-BF4B-00C04F79EFBC}") = "parametritJaArgumentit", "parametritJaArgumentit\parametritJaArgumentit.csproj", "{3EA040A0-3094-4582-A066-146D7DE34C00}"
EndProject
Global
	GlobalSection(SolutionConfigurationPlatforms) = preSolution
		Debug|Any CPU = Debug|Any CPU
		Release|Any CPU = Release|Any CPU
	EndGlobalSection
	GlobalSection(ProjectConfigurationPlatforms) = postSolution
		{3EA040A0-3094-4582-A066-146D7DE34C00}.Debug|Any CPU.ActiveCfg = Debug|Any CPU
		{3EA040A0-3094-4582-A066-146D7DE34C00}.Debug|Any CPU.Build.0 = Debug|Any CPU
		{3EA040A0-3094-4582-A066-146D7DE34C00}.Release|Any CPU.ActiveCfg = Release|Any CPU
		{3EA040A0-3094-4582-A066-146D7DE34C00}.Release|Any CPU.Build.0 = Release|Any CPU
	EndGlobalSection
	GlobalSection(SolutionProperties) = preSolution
		HideSolutionNode = FALSE
	EndGlobalSection
	GlobalSection(ExtensibilityGlobals) = postSolution
		SolutionGuid = {D89AEF69-0F67-440D-BC96-575A28B6461F}
	EndGlobalSection
EndGlobal
