
Microsoft Visual Studio Solution File, Format Version 12.00
# Visual Studio Version 17
VisualStudioVersion = 17.11.35312.102
MinimumVisualStudioVersion = 10.0.40219.1
Project("{FAE04EC0-301F-11D3-BF4B-00C04F79EFBC}") = "teht4", "teht4\teht4.csproj", "{450ADFDC-9B85-4AEC-83C3-763C750B34DA}"
EndProject
Global
	GlobalSection(SolutionConfigurationPlatforms) = preSolution
		Debug|Any CPU = Debug|Any CPU
		Release|Any CPU = Release|Any CPU
	EndGlobalSection
	GlobalSection(ProjectConfigurationPlatforms) = postSolution
		{450ADFDC-9B85-4AEC-83C3-763C750B34DA}.Debug|Any CPU.ActiveCfg = Debug|Any CPU
		{450ADFDC-9B85-4AEC-83C3-763C750B34DA}.Debug|Any CPU.Build.0 = Debug|Any CPU
		{450ADFDC-9B85-4AEC-83C3-763C750B34DA}.Release|Any CPU.ActiveCfg = Release|Any CPU
		{450ADFDC-9B85-4AEC-83C3-763C750B34DA}.Release|Any CPU.Build.0 = Release|Any CPU
	EndGlobalSection
	GlobalSection(SolutionProperties) = preSolution
		HideSolutionNode = FALSE
	EndGlobalSection
	GlobalSection(ExtensibilityGlobals) = postSolution
		SolutionGuid = {FE1B266B-9195-4758-9735-997A2D1E07D8}
	EndGlobalSection
EndGlobal
