
Microsoft Visual Studio Solution File, Format Version 12.00
# Visual Studio Version 17
VisualStudioVersion = 17.11.35312.102
MinimumVisualStudioVersion = 10.0.40219.1
Project("{FAE04EC0-301F-11D3-BF4B-00C04F79EFBC}") = "teht5", "teht5\teht5.csproj", "{3EE7D1A7-24F6-45DF-8916-4A28EE58AEDA}"
EndProject
Global
	GlobalSection(SolutionConfigurationPlatforms) = preSolution
		Debug|Any CPU = Debug|Any CPU
		Release|Any CPU = Release|Any CPU
	EndGlobalSection
	GlobalSection(ProjectConfigurationPlatforms) = postSolution
		{3EE7D1A7-24F6-45DF-8916-4A28EE58AEDA}.Debug|Any CPU.ActiveCfg = Debug|Any CPU
		{3EE7D1A7-24F6-45DF-8916-4A28EE58AEDA}.Debug|Any CPU.Build.0 = Debug|Any CPU
		{3EE7D1A7-24F6-45DF-8916-4A28EE58AEDA}.Release|Any CPU.ActiveCfg = Release|Any CPU
		{3EE7D1A7-24F6-45DF-8916-4A28EE58AEDA}.Release|Any CPU.Build.0 = Release|Any CPU
	EndGlobalSection
	GlobalSection(SolutionProperties) = preSolution
		HideSolutionNode = FALSE
	EndGlobalSection
	GlobalSection(ExtensibilityGlobals) = postSolution
		SolutionGuid = {DAD42D9D-3C30-4752-8517-02C999EC3094}
	EndGlobalSection
EndGlobal
