
Microsoft Visual Studio Solution File, Format Version 12.00
# Visual Studio Version 17
VisualStudioVersion = 17.11.35312.102
MinimumVisualStudioVersion = 10.0.40219.1
Project("{FAE04EC0-301F-11D3-BF4B-00C04F79EFBC}") = "teht11Seasons", "teht11Seasons\teht11Seasons.csproj", "{C8447E81-1DA5-405A-8936-76957731C5D5}"
EndProject
Global
	GlobalSection(SolutionConfigurationPlatforms) = preSolution
		Debug|Any CPU = Debug|Any CPU
		Release|Any CPU = Release|Any CPU
	EndGlobalSection
	GlobalSection(ProjectConfigurationPlatforms) = postSolution
		{C8447E81-1DA5-405A-8936-76957731C5D5}.Debug|Any CPU.ActiveCfg = Debug|Any CPU
		{C8447E81-1DA5-405A-8936-76957731C5D5}.Debug|Any CPU.Build.0 = Debug|Any CPU
		{C8447E81-1DA5-405A-8936-76957731C5D5}.Release|Any CPU.ActiveCfg = Release|Any CPU
		{C8447E81-1DA5-405A-8936-76957731C5D5}.Release|Any CPU.Build.0 = Release|Any CPU
	EndGlobalSection
	GlobalSection(SolutionProperties) = preSolution
		HideSolutionNode = FALSE
	EndGlobalSection
	GlobalSection(ExtensibilityGlobals) = postSolution
		SolutionGuid = {34545A36-F12C-47FC-BA93-66A592A24F06}
	EndGlobalSection
EndGlobal
