
Microsoft Visual Studio Solution File, Format Version 12.00
# Visual Studio Version 17
VisualStudioVersion = 17.11.35312.102
MinimumVisualStudioVersion = 10.0.40219.1
Project("{FAE04EC0-301F-11D3-BF4B-00C04F79EFBC}") = "teht9", "teht9\teht9.csproj", "{9503F0C7-D4BB-41B2-8C41-CFB106726D3E}"
EndProject
Global
	GlobalSection(SolutionConfigurationPlatforms) = preSolution
		Debug|Any CPU = Debug|Any CPU
		Release|Any CPU = Release|Any CPU
	EndGlobalSection
	GlobalSection(ProjectConfigurationPlatforms) = postSolution
		{9503F0C7-D4BB-41B2-8C41-CFB106726D3E}.Debug|Any CPU.ActiveCfg = Debug|Any CPU
		{9503F0C7-D4BB-41B2-8C41-CFB106726D3E}.Debug|Any CPU.Build.0 = Debug|Any CPU
		{9503F0C7-D4BB-41B2-8C41-CFB106726D3E}.Release|Any CPU.ActiveCfg = Release|Any CPU
		{9503F0C7-D4BB-41B2-8C41-CFB106726D3E}.Release|Any CPU.Build.0 = Release|Any CPU
	EndGlobalSection
	GlobalSection(SolutionProperties) = preSolution
		HideSolutionNode = FALSE
	EndGlobalSection
	GlobalSection(ExtensibilityGlobals) = postSolution
		SolutionGuid = {C9620F0A-AE9E-4FBE-9032-D84D2A0C551F}
	EndGlobalSection
EndGlobal
