
Microsoft Visual Studio Solution File, Format Version 12.00
# Visual Studio Version 17
VisualStudioVersion = 17.11.35312.102
MinimumVisualStudioVersion = 10.0.40219.1
Project("{FAE04EC0-301F-11D3-BF4B-00C04F79EFBC}") = "teht7", "teht7\teht7.csproj", "{72E2C58F-3BD1-4D6C-A10D-611843526885}"
EndProject
Global
	GlobalSection(SolutionConfigurationPlatforms) = preSolution
		Debug|Any CPU = Debug|Any CPU
		Release|Any CPU = Release|Any CPU
	EndGlobalSection
	GlobalSection(ProjectConfigurationPlatforms) = postSolution
		{72E2C58F-3BD1-4D6C-A10D-611843526885}.Debug|Any CPU.ActiveCfg = Debug|Any CPU
		{72E2C58F-3BD1-4D6C-A10D-611843526885}.Debug|Any CPU.Build.0 = Debug|Any CPU
		{72E2C58F-3BD1-4D6C-A10D-611843526885}.Release|Any CPU.ActiveCfg = Release|Any CPU
		{72E2C58F-3BD1-4D6C-A10D-611843526885}.Release|Any CPU.Build.0 = Release|Any CPU
	EndGlobalSection
	GlobalSection(SolutionProperties) = preSolution
		HideSolutionNode = FALSE
	EndGlobalSection
	GlobalSection(ExtensibilityGlobals) = postSolution
		SolutionGuid = {631D8C99-0BDA-4E3A-8A2E-284E3427C841}
	EndGlobalSection
EndGlobal
