
Microsoft Visual Studio Solution File, Format Version 12.00
# Visual Studio Version 17
VisualStudioVersion = 17.11.35312.102
MinimumVisualStudioVersion = 10.0.40219.1
Project("{FAE04EC0-301F-11D3-BF4B-00C04F79EFBC}") = "teht11", "teht11\teht11.csproj", "{7416C72F-6066-4F27-8B6B-AB4544778EC7}"
EndProject
Global
	GlobalSection(SolutionConfigurationPlatforms) = preSolution
		Debug|Any CPU = Debug|Any CPU
		Release|Any CPU = Release|Any CPU
	EndGlobalSection
	GlobalSection(ProjectConfigurationPlatforms) = postSolution
		{7416C72F-6066-4F27-8B6B-AB4544778EC7}.Debug|Any CPU.ActiveCfg = Debug|Any CPU
		{7416C72F-6066-4F27-8B6B-AB4544778EC7}.Debug|Any CPU.Build.0 = Debug|Any CPU
		{7416C72F-6066-4F27-8B6B-AB4544778EC7}.Release|Any CPU.ActiveCfg = Release|Any CPU
		{7416C72F-6066-4F27-8B6B-AB4544778EC7}.Release|Any CPU.Build.0 = Release|Any CPU
	EndGlobalSection
	GlobalSection(SolutionProperties) = preSolution
		HideSolutionNode = FALSE
	EndGlobalSection
	GlobalSection(ExtensibilityGlobals) = postSolution
		SolutionGuid = {69D5FF26-4440-4321-AFC0-53053DA9FFDC}
	EndGlobalSection
EndGlobal
