
Microsoft Visual Studio Solution File, Format Version 12.00
# Visual Studio Version 17
VisualStudioVersion = 17.11.35312.102
MinimumVisualStudioVersion = 10.0.40219.1
Project("{FAE04EC0-301F-11D3-BF4B-00C04F79EFBC}") = "rockPaperScissors", "rockPaperScissors\rockPaperScissors.csproj", "{2CE41868-30AB-4B00-B1C1-7395722A838F}"
EndProject
Global
	GlobalSection(SolutionConfigurationPlatforms) = preSolution
		Debug|Any CPU = Debug|Any CPU
		Release|Any CPU = Release|Any CPU
	EndGlobalSection
	GlobalSection(ProjectConfigurationPlatforms) = postSolution
		{2CE41868-30AB-4B00-B1C1-7395722A838F}.Debug|Any CPU.ActiveCfg = Debug|Any CPU
		{2CE41868-30AB-4B00-B1C1-7395722A838F}.Debug|Any CPU.Build.0 = Debug|Any CPU
		{2CE41868-30AB-4B00-B1C1-7395722A838F}.Release|Any CPU.ActiveCfg = Release|Any CPU
		{2CE41868-30AB-4B00-B1C1-7395722A838F}.Release|Any CPU.Build.0 = Release|Any CPU
	EndGlobalSection
	GlobalSection(SolutionProperties) = preSolution
		HideSolutionNode = FALSE
	EndGlobalSection
	GlobalSection(ExtensibilityGlobals) = postSolution
		SolutionGuid = {86FD1CBF-686B-4A98-A5B9-121EE32D0523}
	EndGlobalSection
EndGlobal
