
Microsoft Visual Studio Solution File, Format Version 12.00
# Visual Studio Version 17
VisualStudioVersion = 17.11.35312.102
MinimumVisualStudioVersion = 10.0.40219.1
Project("{FAE04EC0-301F-11D3-BF4B-00C04F79EFBC}") = "palautus", "palautus\palautus.csproj", "{F671FF79-1D90-481B-832E-6854E0AC9D41}"
EndProject
Global
	GlobalSection(SolutionConfigurationPlatforms) = preSolution
		Debug|Any CPU = Debug|Any CPU
		Release|Any CPU = Release|Any CPU
	EndGlobalSection
	GlobalSection(ProjectConfigurationPlatforms) = postSolution
		{F671FF79-1D90-481B-832E-6854E0AC9D41}.Debug|Any CPU.ActiveCfg = Debug|Any CPU
		{F671FF79-1D90-481B-832E-6854E0AC9D41}.Debug|Any CPU.Build.0 = Debug|Any CPU
		{F671FF79-1D90-481B-832E-6854E0AC9D41}.Release|Any CPU.ActiveCfg = Release|Any CPU
		{F671FF79-1D90-481B-832E-6854E0AC9D41}.Release|Any CPU.Build.0 = Release|Any CPU
	EndGlobalSection
	GlobalSection(SolutionProperties) = preSolution
		HideSolutionNode = FALSE
	EndGlobalSection
	GlobalSection(ExtensibilityGlobals) = postSolution
		SolutionGuid = {3DD216BD-6DAF-408E-8440-01B80CFACB6B}
	EndGlobalSection
EndGlobal
