
Microsoft Visual Studio Solution File, Format Version 12.00
# Visual Studio Version 17
VisualStudioVersion = 17.11.35312.102
MinimumVisualStudioVersion = 10.0.40219.1
Project("{FAE04EC0-301F-11D3-BF4B-00C04F79EFBC}") = "teht2", "teht2\teht2.csproj", "{6577AFB4-911F-4CA0-9B6E-CE8A17D74D9C}"
EndProject
Global
	GlobalSection(SolutionConfigurationPlatforms) = preSolution
		Debug|Any CPU = Debug|Any CPU
		Release|Any CPU = Release|Any CPU
	EndGlobalSection
	GlobalSection(ProjectConfigurationPlatforms) = postSolution
		{6577AFB4-911F-4CA0-9B6E-CE8A17D74D9C}.Debug|Any CPU.ActiveCfg = Debug|Any CPU
		{6577AFB4-911F-4CA0-9B6E-CE8A17D74D9C}.Debug|Any CPU.Build.0 = Debug|Any CPU
		{6577AFB4-911F-4CA0-9B6E-CE8A17D74D9C}.Release|Any CPU.ActiveCfg = Release|Any CPU
		{6577AFB4-911F-4CA0-9B6E-CE8A17D74D9C}.Release|Any CPU.Build.0 = Release|Any CPU
	EndGlobalSection
	GlobalSection(SolutionProperties) = preSolution
		HideSolutionNode = FALSE
	EndGlobalSection
	GlobalSection(ExtensibilityGlobals) = postSolution
		SolutionGuid = {15C80740-FC70-44AB-932B-9DD8981FE9E3}
	EndGlobalSection
EndGlobal
