
Microsoft Visual Studio Solution File, Format Version 12.00
# Visual Studio Version 17
VisualStudioVersion = 17.11.35312.102
MinimumVisualStudioVersion = 10.0.40219.1
Project("{FAE04EC0-301F-11D3-BF4B-00C04F79EFBC}") = "teht2", "teht2\teht2.csproj", "{8959A390-41F7-46D6-B2F7-D00B73CA59A8}"
EndProject
Global
	GlobalSection(SolutionConfigurationPlatforms) = preSolution
		Debug|Any CPU = Debug|Any CPU
		Release|Any CPU = Release|Any CPU
	EndGlobalSection
	GlobalSection(ProjectConfigurationPlatforms) = postSolution
		{8959A390-41F7-46D6-B2F7-D00B73CA59A8}.Debug|Any CPU.ActiveCfg = Debug|Any CPU
		{8959A390-41F7-46D6-B2F7-D00B73CA59A8}.Debug|Any CPU.Build.0 = Debug|Any CPU
		{8959A390-41F7-46D6-B2F7-D00B73CA59A8}.Release|Any CPU.ActiveCfg = Release|Any CPU
		{8959A390-41F7-46D6-B2F7-D00B73CA59A8}.Release|Any CPU.Build.0 = Release|Any CPU
	EndGlobalSection
	GlobalSection(SolutionProperties) = preSolution
		HideSolutionNode = FALSE
	EndGlobalSection
	GlobalSection(ExtensibilityGlobals) = postSolution
		SolutionGuid = {978D8D42-CD0B-4D71-A62F-C8001369AE86}
	EndGlobalSection
EndGlobal
