
Microsoft Visual Studio Solution File, Format Version 12.00
# Visual Studio Version 17
VisualStudioVersion = 17.11.35312.102
MinimumVisualStudioVersion = 10.0.40219.1
Project("{FAE04EC0-301F-11D3-BF4B-00C04F79EFBC}") = "teht10Laskin", "teht10Laskin\teht10Laskin.csproj", "{A1277E41-94BE-48DB-85CA-19267121D608}"
EndProject
Global
	GlobalSection(SolutionConfigurationPlatforms) = preSolution
		Debug|Any CPU = Debug|Any CPU
		Release|Any CPU = Release|Any CPU
	EndGlobalSection
	GlobalSection(ProjectConfigurationPlatforms) = postSolution
		{A1277E41-94BE-48DB-85CA-19267121D608}.Debug|Any CPU.ActiveCfg = Debug|Any CPU
		{A1277E41-94BE-48DB-85CA-19267121D608}.Debug|Any CPU.Build.0 = Debug|Any CPU
		{A1277E41-94BE-48DB-85CA-19267121D608}.Release|Any CPU.ActiveCfg = Release|Any CPU
		{A1277E41-94BE-48DB-85CA-19267121D608}.Release|Any CPU.Build.0 = Release|Any CPU
	EndGlobalSection
	GlobalSection(SolutionProperties) = preSolution
		HideSolutionNode = FALSE
	EndGlobalSection
	GlobalSection(ExtensibilityGlobals) = postSolution
		SolutionGuid = {F3595A4F-F397-4AA9-8678-68E0131BA810}
	EndGlobalSection
EndGlobal
