
Microsoft Visual Studio Solution File, Format Version 12.00
# Visual Studio Version 17
VisualStudioVersion = 17.11.35312.102
MinimumVisualStudioVersion = 10.0.40219.1
Project("{FAE04EC0-301F-11D3-BF4B-00C04F79EFBC}") = "teht6", "teht6\teht6.csproj", "{83E1CA5B-CC89-4EF0-BB24-4146A309910F}"
EndProject
Global
	GlobalSection(SolutionConfigurationPlatforms) = preSolution
		Debug|Any CPU = Debug|Any CPU
		Release|Any CPU = Release|Any CPU
	EndGlobalSection
	GlobalSection(ProjectConfigurationPlatforms) = postSolution
		{83E1CA5B-CC89-4EF0-BB24-4146A309910F}.Debug|Any CPU.ActiveCfg = Debug|Any CPU
		{83E1CA5B-CC89-4EF0-BB24-4146A309910F}.Debug|Any CPU.Build.0 = Debug|Any CPU
		{83E1CA5B-CC89-4EF0-BB24-4146A309910F}.Release|Any CPU.ActiveCfg = Release|Any CPU
		{83E1CA5B-CC89-4EF0-BB24-4146A309910F}.Release|Any CPU.Build.0 = Release|Any CPU
	EndGlobalSection
	GlobalSection(SolutionProperties) = preSolution
		HideSolutionNode = FALSE
	EndGlobalSection
	GlobalSection(ExtensibilityGlobals) = postSolution
		SolutionGuid = {B607AB2E-66C2-4E02-BF16-5FA9BF6B984F}
	EndGlobalSection
EndGlobal
