
Microsoft Visual Studio Solution File, Format Version 12.00
# Visual Studio Version 17
VisualStudioVersion = 17.11.35312.102
MinimumVisualStudioVersion = 10.0.40219.1
Project("{FAE04EC0-301F-11D3-BF4B-00C04F79EFBC}") = "teht2", "teht2\teht2.csproj", "{1667E335-E399-4BD1-9A5C-A138BD10869F}"
EndProject
Global
	GlobalSection(SolutionConfigurationPlatforms) = preSolution
		Debug|Any CPU = Debug|Any CPU
		Release|Any CPU = Release|Any CPU
	EndGlobalSection
	GlobalSection(ProjectConfigurationPlatforms) = postSolution
		{1667E335-E399-4BD1-9A5C-A138BD10869F}.Debug|Any CPU.ActiveCfg = Debug|Any CPU
		{1667E335-E399-4BD1-9A5C-A138BD10869F}.Debug|Any CPU.Build.0 = Debug|Any CPU
		{1667E335-E399-4BD1-9A5C-A138BD10869F}.Release|Any CPU.ActiveCfg = Release|Any CPU
		{1667E335-E399-4BD1-9A5C-A138BD10869F}.Release|Any CPU.Build.0 = Release|Any CPU
	EndGlobalSection
	GlobalSection(SolutionProperties) = preSolution
		HideSolutionNode = FALSE
	EndGlobalSection
	GlobalSection(ExtensibilityGlobals) = postSolution
		SolutionGuid = {E09FA0C5-0CAF-4844-A1F5-F84D87028023}
	EndGlobalSection
EndGlobal
