
Microsoft Visual Studio Solution File, Format Version 12.00
# Visual Studio Version 17
VisualStudioVersion = 17.11.35312.102
MinimumVisualStudioVersion = 10.0.40219.1
Project("{FAE04EC0-301F-11D3-BF4B-00C04F79EFBC}") = "teht1", "teht1\teht1.csproj", "{4B509668-1AC2-4922-93C0-9B9A6C83AC10}"
EndProject
Global
	GlobalSection(SolutionConfigurationPlatforms) = preSolution
		Debug|Any CPU = Debug|Any CPU
		Release|Any CPU = Release|Any CPU
	EndGlobalSection
	GlobalSection(ProjectConfigurationPlatforms) = postSolution
		{4B509668-1AC2-4922-93C0-9B9A6C83AC10}.Debug|Any CPU.ActiveCfg = Debug|Any CPU
		{4B509668-1AC2-4922-93C0-9B9A6C83AC10}.Debug|Any CPU.Build.0 = Debug|Any CPU
		{4B509668-1AC2-4922-93C0-9B9A6C83AC10}.Release|Any CPU.ActiveCfg = Release|Any CPU
		{4B509668-1AC2-4922-93C0-9B9A6C83AC10}.Release|Any CPU.Build.0 = Release|Any CPU
	EndGlobalSection
	GlobalSection(SolutionProperties) = preSolution
		HideSolutionNode = FALSE
	EndGlobalSection
	GlobalSection(ExtensibilityGlobals) = postSolution
		SolutionGuid = {4C916BD3-911E-46D0-90CD-9E63D2D69E93}
	EndGlobalSection
EndGlobal
